{
  "name": "decrypt",
  "version": "1.0.0",
  "lockfileVersion": 1,
  "requires": true,
  "dependencies": {
    "aws-sign2": {
      "version": "0.7.0",
      "resolved": "http://registry.npm.taobao.org/aws-sign2/download/aws-sign2-0.7.0.tgz"
    },
    "aws4": {
      "version": "1.8.0",
      "resolved": "http://registry.npm.taobao.org/aws4/download/aws4-1.8.0.tgz"
    },
    "caseless": {
      "version": "0.12.0",
      "resolved": "http://registry.npm.taobao.org/caseless/download/caseless-0.12.0.tgz"
    },
    "deep-assign": {
      "version": "2.0.0",
      "resolved": "http://registry.npm.taobao.org/deep-assign/download/deep-assign-2.0.0.tgz",
      "dependencies": {
        "is-obj": {
          "version": "http://registry.npm.taobao.org/is-obj/download/is-obj-1.0.1.tgz",
          "bundled": true
        }
      }
    },
    "extend": {
      "version": "3.0.2",
      "resolved": "http://registry.npm.taobao.org/extend/download/extend-3.0.2.tgz"
    },
    "forever-agent": {
      "version": "0.6.1",
      "resolved": "http://registry.npm.taobao.org/forever-agent/download/forever-agent-0.6.1.tgz"
    },
    "is-typedarray": {
      "version": "1.0.0",
      "resolved": "http://registry.npm.taobao.org/is-typedarray/download/is-typedarray-1.0.0.tgz"
    },
    "isstream": {
      "version": "0.1.2",
      "resolved": "http://registry.npm.taobao.org/isstream/download/isstream-0.1.2.tgz"
    },
    "json-stringify-safe": {
      "version": "5.0.1",
      "resolved": "http://registry.npm.taobao.org/json-stringify-safe/download/json-stringify-safe-5.0.1.tgz"
    },
    "oauth-sign": {
      "version": "0.9.0",
      "resolved": "http://registry.npm.taobao.org/oauth-sign/download/oauth-sign-0.9.0.tgz"
    },
    "request": {
      "version": "2.88.0",
      "resolved": "http://registry.npm.taobao.org/request/download/request-2.88.0.tgz",
      "requires": {
        "aws-sign2": "~0.7.0",
        "aws4": "^1.8.0",
        "caseless": "~0.12.0",
        "extend": "~3.0.2",
        "forever-agent": "~0.6.1",
        "is-typedarray": "~1.0.0",
        "isstream": "~0.1.2",
        "json-stringify-safe": "~5.0.1",
        "oauth-sign": "~0.9.0"
      },
      "dependencies": {
        "aws-sign2": {
          "version": "http://registry.npm.taobao.org/aws-sign2/download/aws-sign2-0.7.0.tgz",
          "bundled": true
        },
        "aws4": {
          "version": "http://registry.npm.taobao.org/aws4/download/aws4-1.8.0.tgz",
          "bundled": true
        },
        "caseless": {
          "version": "http://registry.npm.taobao.org/caseless/download/caseless-0.12.0.tgz",
          "bundled": true
        },
        "combined-stream": {
          "version": "http://registry.npm.taobao.org/combined-stream/download/combined-stream-1.0.6.tgz",
          "bundled": true
        },
        "extend": {
          "version": "http://registry.npm.taobao.org/extend/download/extend-3.0.2.tgz",
          "bundled": true
        },
        "forever-agent": {
          "version": "http://registry.npm.taobao.org/forever-agent/download/forever-agent-0.6.1.tgz",
          "bundled": true
        },
        "form-data": {
          "version": "http://registry.npm.taobao.org/form-data/download/form-data-2.3.2.tgz",
          "bundled": true,
          "dependencies": {
            "asynckit": {
              "version": "http://registry.npm.taobao.org/asynckit/download/asynckit-0.4.0.tgz"
            },
            "combined-stream": {
              "version": "http://registry.npm.taobao.org/combined-stream/download/combined-stream-1.0.6.tgz",
              "dependencies": {
                "delayed-stream": {
                  "version": "http://registry.npm.taobao.org/delayed-stream/download/delayed-stream-1.0.0.tgz"
                }
              }
            },
            "mime-types": {
              "version": "http://registry.npm.taobao.org/mime-types/download/mime-types-2.1.20.tgz"
            }
          }
        },
        "har-validator": {
          "version": "http://registry.npm.taobao.org/har-validator/download/har-validator-5.1.0.tgz",
          "bundled": true,
          "dependencies": {
            "ajv": {
              "version": "http://registry.npm.taobao.org/ajv/download/ajv-5.5.2.tgz",
              "dependencies": {
                "co": {
                  "version": "http://registry.npm.taobao.org/co/download/co-4.6.0.tgz",
                  "bundled": true
                },
                "fast-deep-equal": {
                  "version": "http://registry.npm.taobao.org/fast-deep-equal/download/fast-deep-equal-1.1.0.tgz",
                  "bundled": true
                },
                "fast-json-stable-stringify": {
                  "version": "http://registry.npm.taobao.org/fast-json-stable-stringify/download/fast-json-stable-stringify-2.0.0.tgz",
                  "bundled": true
                },
                "json-schema-traverse": {
                  "version": "http://registry.npm.taobao.org/json-schema-traverse/download/json-schema-traverse-0.3.1.tgz",
                  "bundled": true
                }
              }
            },
            "har-schema": {
              "version": "http://registry.npm.taobao.org/har-schema/download/har-schema-2.0.0.tgz"
            }
          }
        },
        "http-signature": {
          "version": "http://registry.npm.taobao.org/http-signature/download/http-signature-1.2.0.tgz",
          "bundled": true
        },
        "is-typedarray": {
          "version": "http://registry.npm.taobao.org/is-typedarray/download/is-typedarray-1.0.0.tgz",
          "bundled": true
        },
        "isstream": {
          "version": "http://registry.npm.taobao.org/isstream/download/isstream-0.1.2.tgz",
          "bundled": true
        },
        "json-stringify-safe": {
          "version": "http://registry.npm.taobao.org/json-stringify-safe/download/json-stringify-safe-5.0.1.tgz",
          "bundled": true
        },
        "mime-types": {
          "version": "http://registry.npm.taobao.org/mime-types/download/mime-types-2.1.20.tgz",
          "bundled": true,
          "dependencies": {
            "mime-db": {
              "version": "http://registry.npm.taobao.org/mime-db/download/mime-db-1.36.0.tgz"
            }
          }
        },
        "oauth-sign": {
          "version": "http://registry.npm.taobao.org/oauth-sign/download/oauth-sign-0.9.0.tgz",
          "bundled": true
        },
        "performance-now": {
          "version": "http://registry.npm.taobao.org/performance-now/download/performance-now-2.1.0.tgz",
          "bundled": true
        },
        "qs": {
          "version": "http://registry.npm.taobao.org/qs/download/qs-6.5.2.tgz",
          "bundled": true
        },
        "safe-buffer": {
          "version": "http://registry.npm.taobao.org/safe-buffer/download/safe-buffer-5.1.2.tgz",
          "bundled": true
        },
        "tough-cookie": {
          "version": "http://registry.npm.taobao.org/tough-cookie/download/tough-cookie-2.4.3.tgz",
          "bundled": true
        },
        "tunnel-agent": {
          "version": "http://registry.npm.taobao.org/tunnel-agent/download/tunnel-agent-0.6.0.tgz",
          "bundled": true
        },
        "uuid": {
          "version": "http://registry.npm.taobao.org/uuid/download/uuid-3.3.2.tgz",
          "bundled": true
        }
      }
    },
    "tcb-admin-node": {
      "version": "1.1.1",
      "resolved": "http://registry.npm.taobao.org/tcb-admin-node/download/tcb-admin-node-1.1.1.tgz",
      "requires": {
        "deep-assign": "^2.0.0",
        "request": "^2.87.0"
      },
      "dependencies": {
        "deep-assign": {
          "version": "http://registry.npm.taobao.org/deep-assign/download/deep-assign-2.0.0.tgz",
          "bundled": true
        },
        "request": {
          "version": "http://registry.npm.taobao.org/request/download/request-2.88.0.tgz",
          "bundled": true,
          "dependencies": {
            "aws-sign2": {
              "version": "http://registry.npm.taobao.org/aws-sign2/download/aws-sign2-0.7.0.tgz",
              "bundled": true
            },
            "aws4": {
              "version": "http://registry.npm.taobao.org/aws4/download/aws4-1.8.0.tgz",
              "bundled": true
            },
            "caseless": {
              "version": "http://registry.npm.taobao.org/caseless/download/caseless-0.12.0.tgz",
              "bundled": true
            },
            "combined-stream": {
              "version": "http://registry.npm.taobao.org/combined-stream/download/combined-stream-1.0.6.tgz",
              "bundled": true
            },
            "extend": {
              "version": "http://registry.npm.taobao.org/extend/download/extend-3.0.2.tgz",
              "bundled": true
            },
            "forever-agent": {
              "version": "http://registry.npm.taobao.org/forever-agent/download/forever-agent-0.6.1.tgz",
              "bundled": true
            },
            "form-data": {
              "version": "http://registry.npm.taobao.org/form-data/download/form-data-2.3.2.tgz",
              "bundled": true,
              "dependencies": {}
            },
            "har-validator": {
              "version": "http://registry.npm.taobao.org/har-validator/download/har-validator-5.1.0.tgz",
              "bundled": true,
              "dependencies": {}
            },
            "http-signature": {
              "version": "http://registry.npm.taobao.org/http-signature/download/http-signature-1.2.0.tgz",
              "bundled": true
            },
            "is-typedarray": {
              "version": "http://registry.npm.taobao.org/is-typedarray/download/is-typedarray-1.0.0.tgz",
              "bundled": true
            },
            "isstream": {
              "version": "http://registry.npm.taobao.org/isstream/download/isstream-0.1.2.tgz",
              "bundled": true
            },
            "json-stringify-safe": {
              "version": "http://registry.npm.taobao.org/json-stringify-safe/download/json-stringify-safe-5.0.1.tgz",
              "bundled": true
            },
            "mime-types": {
              "version": "http://registry.npm.taobao.org/mime-types/download/mime-types-2.1.20.tgz",
              "bundled": true,
              "dependencies": {}
            },
            "oauth-sign": {
              "version": "http://registry.npm.taobao.org/oauth-sign/download/oauth-sign-0.9.0.tgz",
              "bundled": true
            },
            "performance-now": {
              "version": "http://registry.npm.taobao.org/performance-now/download/performance-now-2.1.0.tgz",
              "bundled": true
            },
            "qs": {
              "version": "http://registry.npm.taobao.org/qs/download/qs-6.5.2.tgz",
              "bundled": true
            },
            "safe-buffer": {
              "version": "http://registry.npm.taobao.org/safe-buffer/download/safe-buffer-5.1.2.tgz",
              "bundled": true
            },
            "tough-cookie": {
              "version": "http://registry.npm.taobao.org/tough-cookie/download/tough-cookie-2.4.3.tgz",
              "bundled": true
            },
            "tunnel-agent": {
              "version": "http://registry.npm.taobao.org/tunnel-agent/download/tunnel-agent-0.6.0.tgz",
              "bundled": true
            },
            "uuid": {
              "version": "http://registry.npm.taobao.org/uuid/download/uuid-3.3.2.tgz",
              "bundled": true
            }
          }
        }
      }
    },
    "tslib": {
      "version": "1.9.3",
      "resolved": "http://registry.npm.taobao.org/tslib/download/tslib-1.9.3.tgz"
    },
    "wx-server-sdk": {
      "version": "0.0.17",
      "resolved": "http://registry.npm.taobao.org/wx-server-sdk/download/wx-server-sdk-0.0.17.tgz",
      "integrity": "sha1-GeOK7+w5ms3/wJ+wpFogBhrVMGI=",
      "requires": {
        "tcb-admin-node": "^1.1.0",
        "tslib": "^1.9.3"
      }
    }
  }
}
